
Microsoft Visual Studio Solution File, Format Version 12.00
# Visual Studio 15
VisualStudioVersion = 15.0.28307.645
MinimumVisualStudioVersion = 10.0.40219.1
Project("{2150E333-8FDC-42A3-9474-1A3956D46DE8}") = "src", "src", "{E68EB051-AF3A-4038-8FE3-92BD3B42C732}"
EndProject
Project("{9A19103F-16F7-4668-BE54-9A1E7A4F7556}") = "Cake.DotNetCoreGlobalTool", "Cake.DotNetCoreGlobalTool\Cake.DotNetCoreGlobalTool.csproj", "{B587B6C4-8149-4778-83DF-404F4DDC6B3B}"
EndProject
Global
	GlobalSection(SolutionConfigurationPlatforms) = preSolution
		Debug|Any CPU = Debug|Any CPU
		Release|Any CPU = Release|Any CPU
	EndGlobalSection
	GlobalSection(ProjectConfigurationPlatforms) = postSolution
		{B587B6C4-8149-4778-83DF-404F4DDC6B3B}.Debug|Any CPU.ActiveCfg = Debug|Any CPU
		{B587B6C4-8149-4778-83DF-404F4DDC6B3B}.Debug|Any CPU.Build.0 = Debug|Any CPU
		{B587B6C4-8149-4778-83DF-404F4DDC6B3B}.Release|Any CPU.ActiveCfg = Release|Any CPU
		{B587B6C4-8149-4778-83DF-404F4DDC6B3B}.Release|Any CPU.Build.0 = Release|Any CPU
	EndGlobalSection
	GlobalSection(SolutionProperties) = preSolution
		HideSolutionNode = FALSE
	EndGlobalSection
	GlobalSection(NestedProjects) = preSolution
		{B587B6C4-8149-4778-83DF-404F4DDC6B3B} = {E68EB051-AF3A-4038-8FE3-92BD3B42C732}
	EndGlobalSection
	GlobalSection(ExtensibilityGlobals) = postSolution
		SolutionGuid = {FE06C16B-C5CC-4778-900D-2E02E91AD3BB}
	EndGlobalSection
EndGlobal
